
Microsoft Visual Studio Solution File, Format Version 12.00
# Visual Studio Version 17
VisualStudioVersion = 17.8.34511.84
MinimumVisualStudioVersion = 10.0.40219.1
Project("{FAE04EC0-301F-11D3-BF4B-00C04F79EFBC}") = "GrpcService", "GrpcService\GrpcService.csproj", "{B225C675-2F2F-4D2D-934C-7B69892EFEFF}"
EndProject
Global
	GlobalSection(SolutionConfigurationPlatforms) = preSolution
		Debug|Any CPU = Debug|Any CPU
		Release|Any CPU = Release|Any CPU
	EndGlobalSection
	GlobalSection(ProjectConfigurationPlatforms) = postSolution
		{B225C675-2F2F-4D2D-934C-7B69892EFEFF}.Debug|Any CPU.ActiveCfg = Debug|Any CPU
		{B225C675-2F2F-4D2D-934C-7B69892EFEFF}.Debug|Any CPU.Build.0 = Debug|Any CPU
		{B225C675-2F2F-4D2D-934C-7B69892EFEFF}.Release|Any CPU.ActiveCfg = Release|Any CPU
		{B225C675-2F2F-4D2D-934C-7B69892EFEFF}.Release|Any CPU.Build.0 = Release|Any CPU
	EndGlobalSection
	GlobalSection(SolutionProperties) = preSolution
		HideSolutionNode = FALSE
	EndGlobalSection
	GlobalSection(ExtensibilityGlobals) = postSolution
		SolutionGuid = {1E955A3C-55F0-4FDE-9F22-D46201FC29EE}
	EndGlobalSection
EndGlobal
